
Microsoft Visual Studio Solution File, Format Version 11.00
# Visual Studio 2010
Project("{8BC9CEB8-8B4A-11D0-8D11-00A0C91BC942}") = "XCC Map Encoder", "XCC Map Encoder.vcxproj", "{A5120C64-02F1-4F26-9855-AC1E22A52549}"
EndProject
Project("{8BC9CEB8-8B4A-11D0-8D11-00A0C91BC942}") = "XCC Library", "..\Library\XCC Library.vcxproj", "{5E445578-CB45-4D82-9A1C-FC7D3E8D866A}"
EndProject
Global
	GlobalSection(SolutionConfigurationPlatforms) = preSolution
		Debug|Win32 = Debug|Win32
		Release|Win32 = Release|Win32
	EndGlobalSection
	GlobalSection(ProjectConfigurationPlatforms) = postSolution
		{A5120C64-02F1-4F26-9855-AC1E22A52549}.Debug|Win32.ActiveCfg = Debug|Win32
		{A5120C64-02F1-4F26-9855-AC1E22A52549}.Debug|Win32.Build.0 = Debug|Win32
		{A5120C64-02F1-4F26-9855-AC1E22A52549}.Release|Win32.ActiveCfg = Release|Win32
		{A5120C64-02F1-4F26-9855-AC1E22A52549}.Release|Win32.Build.0 = Release|Win32
		{5E445578-CB45-4D82-9A1C-FC7D3E8D866A}.Debug|Win32.ActiveCfg = Debug|Win32
		{5E445578-CB45-4D82-9A1C-FC7D3E8D866A}.Debug|Win32.Build.0 = Debug|Win32
		{5E445578-CB45-4D82-9A1C-FC7D3E8D866A}.Release|Win32.ActiveCfg = Release|Win32
		{5E445578-CB45-4D82-9A1C-FC7D3E8D866A}.Release|Win32.Build.0 = Release|Win32
	EndGlobalSection
	GlobalSection(SolutionProperties) = preSolution
		HideSolutionNode = FALSE
	EndGlobalSection
EndGlobal
