
Microsoft Visual Studio Solution File, Format Version 11.00
# Visual Studio 2010
Project("{8BC9CEB8-8B4A-11D0-8D11-00A0C91BC942}") = "XCC Library", "..\Library\XCC Library.vcxproj", "{5E445578-CB45-4D82-9A1C-FC7D3E8D866A}"
EndProject
Project("{8BC9CEB8-8B4A-11D0-8D11-00A0C91BC942}") = "XCC Mixer", "..\Mixer\XCC Mixer.vcxproj", "{E032D975-C331-487B-95A6-518A0A3ED2DA}"
EndProject
Project("{8BC9CEB8-8B4A-11D0-8D11-00A0C91BC942}") = "XCC MIX Editor", "..\MIX Editor\XCC MIX Editor.vcxproj", "{B5821BD4-7222-4337-B723-EF4E8BC013A6}"
EndProject
Project("{8BC9CEB8-8B4A-11D0-8D11-00A0C91BC942}") = "XCC AV Player", "..\AV Player\XCC Audio Player.vcxproj", "{1E6FD097-5BBD-4889-93CA-365589631C94}"
EndProject
Project("{8BC9CEB8-8B4A-11D0-8D11-00A0C91BC942}") = "XCC TMP Editor", "..\TMP Editor\XCC TMP Editor.vcxproj", "{216D46AA-5715-4DD4-8029-1877FDE61F19}"
EndProject
Project("{8BC9CEB8-8B4A-11D0-8D11-00A0C91BC942}") = "XCC Editor", "..\Editor\XCC Editor.vcxproj", "{6A32AFB3-5A48-430A-B0BC-5FA39C61414A}"
EndProject
Global
	GlobalSection(SolutionConfigurationPlatforms) = preSolution
		Debug|Win32 = Debug|Win32
		Release|Win32 = Release|Win32
	EndGlobalSection
	GlobalSection(ProjectConfigurationPlatforms) = postSolution
		{5E445578-CB45-4D82-9A1C-FC7D3E8D866A}.Debug|Win32.ActiveCfg = Debug|Win32
		{5E445578-CB45-4D82-9A1C-FC7D3E8D866A}.Debug|Win32.Build.0 = Debug|Win32
		{5E445578-CB45-4D82-9A1C-FC7D3E8D866A}.Release|Win32.ActiveCfg = Release|Win32
		{5E445578-CB45-4D82-9A1C-FC7D3E8D866A}.Release|Win32.Build.0 = Release|Win32
		{E032D975-C331-487B-95A6-518A0A3ED2DA}.Debug|Win32.ActiveCfg = Debug|Win32
		{E032D975-C331-487B-95A6-518A0A3ED2DA}.Debug|Win32.Build.0 = Debug|Win32
		{E032D975-C331-487B-95A6-518A0A3ED2DA}.Release|Win32.ActiveCfg = Release|Win32
		{E032D975-C331-487B-95A6-518A0A3ED2DA}.Release|Win32.Build.0 = Release|Win32
		{B5821BD4-7222-4337-B723-EF4E8BC013A6}.Debug|Win32.ActiveCfg = Debug|Win32
		{B5821BD4-7222-4337-B723-EF4E8BC013A6}.Debug|Win32.Build.0 = Debug|Win32
		{B5821BD4-7222-4337-B723-EF4E8BC013A6}.Release|Win32.ActiveCfg = Release|Win32
		{B5821BD4-7222-4337-B723-EF4E8BC013A6}.Release|Win32.Build.0 = Release|Win32
		{1E6FD097-5BBD-4889-93CA-365589631C94}.Debug|Win32.ActiveCfg = Debug|Win32
		{1E6FD097-5BBD-4889-93CA-365589631C94}.Debug|Win32.Build.0 = Debug|Win32
		{1E6FD097-5BBD-4889-93CA-365589631C94}.Release|Win32.ActiveCfg = Release|Win32
		{1E6FD097-5BBD-4889-93CA-365589631C94}.Release|Win32.Build.0 = Release|Win32
		{216D46AA-5715-4DD4-8029-1877FDE61F19}.Debug|Win32.ActiveCfg = Debug|Win32
		{216D46AA-5715-4DD4-8029-1877FDE61F19}.Debug|Win32.Build.0 = Debug|Win32
		{216D46AA-5715-4DD4-8029-1877FDE61F19}.Release|Win32.ActiveCfg = Release|Win32
		{216D46AA-5715-4DD4-8029-1877FDE61F19}.Release|Win32.Build.0 = Release|Win32
		{6A32AFB3-5A48-430A-B0BC-5FA39C61414A}.Debug|Win32.ActiveCfg = Debug|Win32
		{6A32AFB3-5A48-430A-B0BC-5FA39C61414A}.Debug|Win32.Build.0 = Debug|Win32
		{6A32AFB3-5A48-430A-B0BC-5FA39C61414A}.Release|Win32.ActiveCfg = Release|Win32
		{6A32AFB3-5A48-430A-B0BC-5FA39C61414A}.Release|Win32.Build.0 = Release|Win32
	EndGlobalSection
	GlobalSection(SolutionProperties) = preSolution
		HideSolutionNode = FALSE
	EndGlobalSection
EndGlobal
