
Microsoft Visual Studio Solution File, Format Version 10.00
# Visual Studio 2008
Project("{8BC9CEB8-8B4A-11D0-8D11-00A0C91BC942}") = "3DS2VXL FE", "3DS2VXL FE.vcproj", "{8BA0A412-5918-4C7C-9CCB-87736FE24A12}"
EndProject
Global
	GlobalSection(SolutionConfigurationPlatforms) = preSolution
		Debug|Win32 = Debug|Win32
		Release|Win32 = Release|Win32
	EndGlobalSection
	GlobalSection(ProjectConfigurationPlatforms) = postSolution
		{8BA0A412-5918-4C7C-9CCB-87736FE24A12}.Debug|Win32.ActiveCfg = Debug|Win32
		{8BA0A412-5918-4C7C-9CCB-87736FE24A12}.Debug|Win32.Build.0 = Debug|Win32
		{8BA0A412-5918-4C7C-9CCB-87736FE24A12}.Release|Win32.ActiveCfg = Release|Win32
		{8BA0A412-5918-4C7C-9CCB-87736FE24A12}.Release|Win32.Build.0 = Release|Win32
	EndGlobalSection
	GlobalSection(SolutionProperties) = preSolution
		HideSolutionNode = FALSE
	EndGlobalSection
EndGlobal
