
Microsoft Visual Studio Solution File, Format Version 11.00
# Visual Studio 2010
Project("{059D6162-CD51-11D0-AE1F-00A0C90FFFC3}") = "XCC Library", "..\XCC Library\XCC Library.dsp", "{E9E22E51-E1B6-46A9-9DFF-1EC9B0EF8C5B}"
EndProject
Project("{8BC9CEB8-8B4A-11D0-8D11-00A0C91BC942}") = "XCC Universal Container Reader", "XCC Universal Container Reader.vcxproj", "{FC14FFEC-B59A-AAFA-BDD1-340C88DE207C}"
	ProjectSection(ProjectDependencies) = postProject
		{E9E22E51-E1B6-46A9-9DFF-1EC9B0EF8C5B} = {E9E22E51-E1B6-46A9-9DFF-1EC9B0EF8C5B}
	EndProjectSection
EndProject
Global
	GlobalSection(SolutionConfigurationPlatforms) = preSolution
		Debug|Win32 = Debug|Win32
		Release|Win32 = Release|Win32
	EndGlobalSection
	GlobalSection(ProjectConfigurationPlatforms) = postSolution
		{FC14FFEC-B59A-AAFA-BDD1-340C88DE207C}.Debug|Win32.ActiveCfg = Debug|Win32
		{FC14FFEC-B59A-AAFA-BDD1-340C88DE207C}.Debug|Win32.Build.0 = Debug|Win32
		{FC14FFEC-B59A-AAFA-BDD1-340C88DE207C}.Release|Win32.ActiveCfg = Release|Win32
		{FC14FFEC-B59A-AAFA-BDD1-340C88DE207C}.Release|Win32.Build.0 = Release|Win32
	EndGlobalSection
	GlobalSection(SolutionProperties) = preSolution
		HideSolutionNode = FALSE
	EndGlobalSection
EndGlobal
