
Microsoft Visual Studio Solution File, Format Version 9.00
# Visual Studio 2005
Project("{8BC9CEB8-8B4A-11D0-8D11-00A0C91BC942}") = "XCC Audio Player", "XCC Audio Player.vcproj", "{1E6FD097-5BBD-4889-93CA-365589631C94}"
EndProject
Project("{8BC9CEB8-8B4A-11D0-8D11-00A0C91BC942}") = "XCC Library", "..\Library\XCC Library.vcproj", "{5E445578-CB45-4D82-9A1C-FC7D3E8D866A}"
EndProject
Global
	GlobalSection(SolutionConfigurationPlatforms) = preSolution
		Debug|Win32 = Debug|Win32
		Release|Win32 = Release|Win32
	EndGlobalSection
	GlobalSection(ProjectConfigurationPlatforms) = postSolution
		{1E6FD097-5BBD-4889-93CA-365589631C94}.Debug|Win32.ActiveCfg = Debug|Win32
		{1E6FD097-5BBD-4889-93CA-365589631C94}.Debug|Win32.Build.0 = Debug|Win32
		{1E6FD097-5BBD-4889-93CA-365589631C94}.Release|Win32.ActiveCfg = Release|Win32
		{1E6FD097-5BBD-4889-93CA-365589631C94}.Release|Win32.Build.0 = Release|Win32
		{5E445578-CB45-4D82-9A1C-FC7D3E8D866A}.Debug|Win32.ActiveCfg = Debug|Win32
		{5E445578-CB45-4D82-9A1C-FC7D3E8D866A}.Debug|Win32.Build.0 = Debug|Win32
		{5E445578-CB45-4D82-9A1C-FC7D3E8D866A}.Release|Win32.ActiveCfg = Release|Win32
		{5E445578-CB45-4D82-9A1C-FC7D3E8D866A}.Release|Win32.Build.0 = Release|Win32
	EndGlobalSection
	GlobalSection(SolutionProperties) = preSolution
		HideSolutionNode = FALSE
	EndGlobalSection
EndGlobal
