
Microsoft Visual Studio Solution File, Format Version 10.00
# Visual Studio 2008
Project("{8BC9CEB8-8B4A-11D0-8D11-00A0C91BC942}") = "XCC RA2 Radar Customizer", "XCC RA2 Radar Customizer.vcproj", "{29C2A03D-2066-4314-99A2-D0C6EDF6C575}"
	ProjectSection(ProjectDependencies) = postProject
		{5E445578-CB45-4D82-9A1C-FC7D3E8D866A} = {5E445578-CB45-4D82-9A1C-FC7D3E8D866A}
	EndProjectSection
EndProject
Project("{8BC9CEB8-8B4A-11D0-8D11-00A0C91BC942}") = "XCC Library", "..\Library\XCC Library.vcproj", "{5E445578-CB45-4D82-9A1C-FC7D3E8D866A}"
EndProject
Global
	GlobalSection(SolutionConfigurationPlatforms) = preSolution
		Debug|Win32 = Debug|Win32
		Release|Win32 = Release|Win32
	EndGlobalSection
	GlobalSection(ProjectConfigurationPlatforms) = postSolution
		{29C2A03D-2066-4314-99A2-D0C6EDF6C575}.Debug|Win32.ActiveCfg = Debug|Win32
		{29C2A03D-2066-4314-99A2-D0C6EDF6C575}.Debug|Win32.Build.0 = Debug|Win32
		{29C2A03D-2066-4314-99A2-D0C6EDF6C575}.Release|Win32.ActiveCfg = Release|Win32
		{29C2A03D-2066-4314-99A2-D0C6EDF6C575}.Release|Win32.Build.0 = Release|Win32
		{5E445578-CB45-4D82-9A1C-FC7D3E8D866A}.Debug|Win32.ActiveCfg = Debug|Win32
		{5E445578-CB45-4D82-9A1C-FC7D3E8D866A}.Debug|Win32.Build.0 = Debug|Win32
		{5E445578-CB45-4D82-9A1C-FC7D3E8D866A}.Release|Win32.ActiveCfg = Release|Win32
		{5E445578-CB45-4D82-9A1C-FC7D3E8D866A}.Release|Win32.Build.0 = Release|Win32
	EndGlobalSection
	GlobalSection(SolutionProperties) = preSolution
		HideSolutionNode = FALSE
	EndGlobalSection
EndGlobal
